
Microsoft Visual Studio Solution File, Format Version 12.00
# Visual Studio 15
VisualStudioVersion = 15.0.28307.168
MinimumVisualStudioVersion = 10.0.40219.1
Project("{9A19103F-16F7-4668-BE54-9A1E7A4F7556}") = "thZero.NetCore.Library.Services.Aws", "thZero.NetCore.Library.Services.Aws.csproj", "{0694197D-DE57-44EB-AFAA-891115793220}"
EndProject
Project("{9A19103F-16F7-4668-BE54-9A1E7A4F7556}") = "thZero.NetCore.Library", "..\thZero.NetCore.Library\thZero.NetCore.Library.csproj", "{66DEFF80-E8C3-41D8-AD01-3E95AFD4DAC3}"
EndProject
Global
	GlobalSection(SolutionConfigurationPlatforms) = preSolution
		Debug|Any CPU = Debug|Any CPU
		Release|Any CPU = Release|Any CPU
	EndGlobalSection
	GlobalSection(ProjectConfigurationPlatforms) = postSolution
		{0694197D-DE57-44EB-AFAA-891115793220}.Debug|Any CPU.ActiveCfg = Debug|Any CPU
		{0694197D-DE57-44EB-AFAA-891115793220}.Debug|Any CPU.Build.0 = Debug|Any CPU
		{0694197D-DE57-44EB-AFAA-891115793220}.Release|Any CPU.ActiveCfg = Release|Any CPU
		{0694197D-DE57-44EB-AFAA-891115793220}.Release|Any CPU.Build.0 = Release|Any CPU
		{66DEFF80-E8C3-41D8-AD01-3E95AFD4DAC3}.Debug|Any CPU.ActiveCfg = Debug|Any CPU
		{66DEFF80-E8C3-41D8-AD01-3E95AFD4DAC3}.Debug|Any CPU.Build.0 = Debug|Any CPU
		{66DEFF80-E8C3-41D8-AD01-3E95AFD4DAC3}.Release|Any CPU.ActiveCfg = Release|Any CPU
		{66DEFF80-E8C3-41D8-AD01-3E95AFD4DAC3}.Release|Any CPU.Build.0 = Release|Any CPU
	EndGlobalSection
	GlobalSection(SolutionProperties) = preSolution
		HideSolutionNode = FALSE
	EndGlobalSection
	GlobalSection(ExtensibilityGlobals) = postSolution
		SolutionGuid = {9B04126A-F4A2-4A30-A797-6E0BD96A7DE6}
	EndGlobalSection
EndGlobal
